
Microsoft Visual Studio Solution File, Format Version 12.00
# Visual Studio 15
VisualStudioVersion = 15.0.28307.168
MinimumVisualStudioVersion = 10.0.40219.1
Project("{FAE04EC0-301F-11D3-BF4B-00C04F79EFBC}") = "AlexShop", "AlexShop\AlexShop.csproj", "{731F4836-4A96-4681-8959-A7F750F67D86}"
EndProject
Global
	GlobalSection(SolutionConfigurationPlatforms) = preSolution
		Debug|Any CPU = Debug|Any CPU
		Release|Any CPU = Release|Any CPU
	EndGlobalSection
	GlobalSection(ProjectConfigurationPlatforms) = postSolution
		{731F4836-4A96-4681-8959-A7F750F67D86}.Debug|Any CPU.ActiveCfg = Debug|Any CPU
		{731F4836-4A96-4681-8959-A7F750F67D86}.Debug|Any CPU.Build.0 = Debug|Any CPU
		{731F4836-4A96-4681-8959-A7F750F67D86}.Release|Any CPU.ActiveCfg = Release|Any CPU
		{731F4836-4A96-4681-8959-A7F750F67D86}.Release|Any CPU.Build.0 = Release|Any CPU
	EndGlobalSection
	GlobalSection(SolutionProperties) = preSolution
		HideSolutionNode = FALSE
	EndGlobalSection
	GlobalSection(ExtensibilityGlobals) = postSolution
		SolutionGuid = {D91AFE60-5544-43A3-9105-A9209035DB5E}
	EndGlobalSection
EndGlobal
